// !$*UTF8*$!
{
	archiveVersion = 1;
	classes = {
	};
	objectVersion = 46;
	objects = {

/* Begin PBXBuildFile section */
		A2651B191A028E0100E93C1E /* AppDelegate.swift in Sources */ = {isa = PBXBuildFile; fileRef = A2651B181A028E0100E93C1E /* AppDelegate.swift */; };
		A2651B1B1A028E0100E93C1E /* ViewController.swift in Sources */ = {isa = PBXBuildFile; fileRef = A2651B1A1A028E0100E93C1E /* ViewController.swift */; };
		A2651B1E1A028E0100E93C1E /* Main.storyboard in Resources */ = {isa = PBXBuildFile; fileRef = A2651B1C1A028E0100E93C1E /* Main.storyboard */; };
		A2651B201A028E0100E93C1E /* Images.xcassets in Resources */ = {isa = PBXBuildFile; fileRef = A2651B1F1A028E0100E93C1E /* Images.xcassets */; };
		A2651B231A028E0100E93C1E /* LaunchScreen.xib in Resources */ = {isa = PBXBuildFile; fileRef = A2651B211A028E0100E93C1E /* LaunchScreen.xib */; };
		A2651B2F1A028E0100E93C1E /* ShoeConverterTests.swift in Sources */ = {isa = PBXBuildFile; fileRef = A2651B2E1A028E0100E93C1E /* ShoeConverterTests.swift */; };
/* End PBXBuildFile section */

/* Begin PBXContainerItemProxy section */
		A2651B291A028E0100E93C1E /* PBXContainerItemProxy */ = {
			isa = PBXContainerItemProxy;
			containerPortal = A2651B0B1A028E0000E93C1E /* Project object */;
			proxyType = 1;
			remoteGlobalIDString = A2651B121A028E0000E93C1E;
			remoteInfo = ShoeConverter;
		};
/* End PBXContainerItemProxy section */

/* Begin PBXFileReference section */
		A2651B131A028E0000E93C1E /* ShoeConverter.app */ = {isa = PBXFileReference; explicitFileType = wrapper.application; includeInIndex = 0; path = ShoeConverter.app; sourceTree = BUILT_PRODUCTS_DIR; };
		A2651B171A028E0100E93C1E /* Info.plist */ = {isa = PBXFileReference; lastKnownFileType = text.plist.xml; path = Info.plist; sourceTree = "<group>"; };
		A2651B181A028E0100E93C1E /* AppDelegate.swift */ = {isa = PBXFileReference; lastKnownFileType = sourcecode.swift; path = AppDelegate.swift; sourceTree = "<group>"; };
		A2651B1A1A028E0100E93C1E /* ViewController.swift */ = {isa = PBXFileReference; lastKnownFileType = sourcecode.swift; path = ViewController.swift; sourceTree = "<group>"; };
		A2651B1D1A028E0100E93C1E /* Base */ = {isa = PBXFileReference; lastKnownFileType = file.storyboard; name = Base; path = Base.lproj/Main.storyboard; sourceTree = "<group>"; };
		A2651B1F1A028E0100E93C1E /* Images.xcassets */ = {isa = PBXFileReference; lastKnownFileType = folder.assetcatalog; path = Images.xcassets; sourceTree = "<group>"; };
		A2651B221A028E0100E93C1E /* Base */ = {isa = PBXFileReference; lastKnownFileType = file.xib; name = Base; path = Base.lproj/LaunchScreen.xib; sourceTree = "<group>"; };
		A2651B281A028E0100E93C1E /* ShoeConverterTests.xctest */ = {isa = PBXFileReference; explicitFileType = wrapper.cfbundle; includeInIndex = 0; path = ShoeConverterTests.xctest; sourceTree = BUILT_PRODUCTS_DIR; };
		A2651B2D1A028E0100E93C1E /* Info.plist */ = {isa = PBXFileReference; lastKnownFileType = text.plist.xml; path = Info.plist; sourceTree = "<group>"; };
		A2651B2E1A028E0100E93C1E /* ShoeConverterTests.swift */ = {isa = PBXFileReference; lastKnownFileType = sourcecode.swift; path = ShoeConverterTests.swift; sourceTree = "<group>"; };
/* End PBXFileReference section */

/* Begin PBXFrameworksBuildPhase section */
		A2651B101A028E0000E93C1E /* Frameworks */ = {
			isa = PBXFrameworksBuildPhase;
			buildActionMask = 2147483647;
			files = (
			);
			runOnlyForDeploymentPostprocessing = 0;
		};
		A2651B251A028E0100E93C1E /* Frameworks */ = {
			isa = PBXFrameworksBuildPhase;
			buildActionMask = 2147483647;
			files = (
			);
			runOnlyForDeploymentPostprocessing = 0;
		};
/* End PBXFrameworksBuildPhase section */

/* Begin PBXGroup section */
		A2651B0A1A028E0000E93C1E = {
			isa = PBXGroup;
			children = (
				A2651B151A028E0000E93C1E /* ShoeConverter */,
				A2651B2B1A028E0100E93C1E /* ShoeConverterTests */,
				A2651B141A028E0000E93C1E /* Products */,
			);
			sourceTree = "<group>";
		};
		A2651B141A028E0000E93C1E /* Products */ = {
			isa = PBXGroup;
			children = (
				A2651B131A028E0000E93C1E /* ShoeConverter.app */,
				A2651B281A028E0100E93C1E /* ShoeConverterTests.xctest */,
			);
			name = Products;
			sourceTree = "<group>";
		};
		A2651B151A028E0000E93C1E /* ShoeConverter */ = {
			isa = PBXGroup;
			children = (
				A2651B181A028E0100E93C1E /* AppDelegate.swift */,
				A2651B1A1A028E0100E93C1E /* ViewController.swift */,
				A2651B1C1A028E0100E93C1E /* Main.storyboard */,
				A2651B1F1A028E0100E93C1E /* Images.xcassets */,
				A2651B211A028E0100E93C1E /* LaunchScreen.xib */,
				A2651B161A028E0000E93C1E /* Supporting Files */,
			);
			path = ShoeConverter;
			sourceTree = "<group>";
		};
		A2651B161A028E0000E93C1E /* Supporting Files */ = {
			isa = PBXGroup;
			children = (
				A2651B171A028E0100E93C1E /* Info.plist */,
			);
			name = "Supporting Files";
			sourceTree = "<group>";
		};
		A2651B2B1A028E0100E93C1E /* ShoeConverterTests */ = {
			isa = PBXGroup;
			children = (
				A2651B2E1A028E0100E93C1E /* ShoeConverterTests.swift */,
				A2651B2C1A028E0100E93C1E /* Supporting Files */,
			);
			path = ShoeConverterTests;
			sourceTree = "<group>";
		};
		A2651B2C1A028E0100E93C1E /* Supporting Files */ = {
			isa = PBXGroup;
			children = (
				A2651B2D1A028E0100E93C1E /* Info.plist */,
			);
			name = "Supporting Files";
			sourceTree = "<group>";
		};
/* End PBXGroup section */

/* Begin PBXNativeTarget section */
		A2651B121A028E0000E93C1E /* ShoeConverter */ = {
			isa = PBXNativeTarget;
			buildConfigurationList = A2651B321A028E0100E93C1E /* Build configuration list for PBXNativeTarget "ShoeConverter" */;
			buildPhases = (
				A2651B0F1A028E0000E93C1E /* Sources */,
				A2651B101A028E0000E93C1E /* Frameworks */,
				A2651B111A028E0000E93C1E /* Resources */,
			);
			buildRules = (
			);
			dependencies = (
			);
			name = ShoeConverter;
			productName = ShoeConverter;
			productReference = A2651B131A028E0000E93C1E /* ShoeConverter.app */;
			productType = "com.apple.product-type.application";
		};
		A2651B271A028E0100E93C1E /* ShoeConverterTests */ = {
			isa = PBXNativeTarget;
			buildConfigurationList = A2651B351A028E0100E93C1E /* Build configuration list for PBXNativeTarget "ShoeConverterTests" */;
			buildPhases = (
				A2651B241A028E0100E93C1E /* Sources */,
				A2651B251A028E0100E93C1E /* Frameworks */,
				A2651B261A028E0100E93C1E /* Resources */,
			);
			buildRules = (
			);
			dependencies = (
				A2651B2A1A028E0100E93C1E /* PBXTargetDependency */,
			);
			name = ShoeConverterTests;
			productName = ShoeConverterTests;
			productReference = A2651B281A028E0100E93C1E /* ShoeConverterTests.xctest */;
			productType = "com.apple.product-type.bundle.unit-test";
		};
/* End PBXNativeTarget section */

/* Begin PBXProject section */
		A2651B0B1A028E0000E93C1E /* Project object */ = {
			isa = PBXProject;
			attributes = {
				LastUpgradeCheck = 0610;
				ORGANIZATIONNAME = "Santosh Sankar";
				TargetAttributes = {
					A2651B121A028E0000E93C1E = {
						CreatedOnToolsVersion = 6.1;
					};
					A2651B271A028E0100E93C1E = {
						CreatedOnToolsVersion = 6.1;
						TestTargetID = A2651B121A028E0000E93C1E;
					};
				};
			};
			buildConfigurationList = A2651B0E1A028E0000E93C1E /* Build configuration list for PBXProject "ShoeConverter" */;
			compatibilityVersion = "Xcode 3.2";
			developmentRegion = English;
			hasScannedForEncodings = 0;
			knownRegions = (
				en,
				Base,
			);
			mainGroup = A2651B0A1A028E0000E93C1E;
			productRefGroup = A2651B141A028E0000E93C1E /* Products */;
			projectDirPath = "";
			projectRoot = "";
			targets = (
				A2651B121A028E0000E93C1E /* ShoeConverter */,
				A2651B271A028E0100E93C1E /* ShoeConverterTests */,
			);
		};
/* End PBXProject section */

/* Begin PBXResourcesBuildPhase section */
		A2651B111A028E0000E93C1E /* Resources */ = {
			isa = PBXResourcesBuildPhase;
			buildActionMask = 2147483647;
			files = (
				A2651B1E1A028E0100E93C1E /* Main.storyboard in Resources */,
				A2651B231A028E0100E93C1E /* LaunchScreen.xib in Resources */,
				A2651B201A028E0100E93C1E /* Images.xcassets in Resources */,
			);
			runOnlyForDeploymentPostprocessing = 0;
		};
		A2651B261A028E0100E93C1E /* Resources */ = {
			isa = PBXResourcesBuildPhase;
			buildActionMask = 2147483647;
			files = (
			);
			runOnlyForDeploymentPostprocessing = 0;
		};
/* End PBXResourcesBuildPhase section */

/* Begin PBXSourcesBuildPhase section */
		A2651B0F1A028E0000E93C1E /* Sources */ = {
			isa = PBXSourcesBuildPhase;
			buildActionMask = 2147483647;
			files = (
				A2651B1B1A028E0100E93C1E /* ViewController.swift in Sources */,
				A2651B191A028E0100E93C1E /* AppDelegate.swift in Sources */,
			);
			runOnlyForDeploymentPostprocessing = 0;
		};
		A2651B241A028E0100E93C1E /* Sources */ = {
			isa = PBXSourcesBuildPhase;
			buildActionMask = 2147483647;
			files = (
				A2651B2F1A028E0100E93C1E /* ShoeConverterTests.swift in Sources */,
			);
			runOnlyForDeploymentPostprocessing = 0;
		};
/* End PBXSourcesBuildPhase section */

/* Begin PBXTargetDependency section */
		A2651B2A1A028E0100E93C1E /* PBXTargetDependency */ = {
			isa = PBXTargetDependency;
			target = A2651B121A028E0000E93C1E /* ShoeConverter */;
			targetProxy = A2651B291A028E0100E93C1E /* PBXContainerItemProxy */;
		};
/* End PBXTargetDependency section */

/* Begin PBXVariantGroup section */
		A2651B1C1A028E0100E93C1E /* Main.storyboard */ = {
			isa = PBXVariantGroup;
			children = (
				A2651B1D1A028E0100E93C1E /* Base */,
			);
			name = Main.storyboard;
			sourceTree = "<group>";
		};
		A2651B211A028E0100E93C1E /* LaunchScreen.xib */ = {
			isa = PBXVariantGroup;
			children = (
				A2651B221A028E0100E93C1E /* Base */,
			);
			name = LaunchScreen.xib;
			sourceTree = "<group>";
		};
/* End PBXVariantGroup section */

/* Begin XCBuildConfiguration section */
		A2651B301A028E0100E93C1E /* Debug */ = {
			isa = XCBuildConfiguration;
			buildSettings = {
				ALWAYS_SEARCH_USER_PATHS = NO;
				CLANG_CXX_LANGUAGE_STANDARD = "gnu++0x";
				CLANG_CXX_LIBRARY = "libc++";
				CLANG_ENABLE_MODULES = YES;
				CLANG_ENABLE_OBJC_ARC = YES;
				CLANG_WARN_BOOL_CONVERSION = YES;
				CLANG_WARN_CONSTANT_CONVERSION = YES;
				CLANG_WARN_DIRECT_OBJC_ISA_USAGE = YES_ERROR;
				CLANG_WARN_EMPTY_BODY = YES;
				CLANG_WARN_ENUM_CONVERSION = YES;
				CLANG_WARN_INT_CONVERSION = YES;
				CLANG_WARN_OBJC_ROOT_CLASS = YES_ERROR;
				CLANG_WARN_UNREACHABLE_CODE = YES;
				CLANG_WARN__DUPLICATE_METHOD_MATCH = YES;
				"CODE_SIGN_IDENTITY[sdk=iphoneos*]" = "iPhone Developer";
				COPY_PHASE_STRIP = NO;
				ENABLE_STRICT_OBJC_MSGSEND = YES;
				GCC_C_LANGUAGE_STANDARD = gnu99;
				GCC_DYNAMIC_NO_PIC = NO;
				GCC_OPTIMIZATION_LEVEL = 0;
				GCC_PREPROCESSOR_DEFINITIONS = (
					"DEBUG=1",
					"$(inherited)",
				);
				GCC_SYMBOLS_PRIVATE_EXTERN = NO;
				GCC_WARN_64_TO_32_BIT_CONVERSION = YES;
				GCC_WARN_ABOUT_RETURN_TYPE = YES_ERROR;
				GCC_WARN_UNDECLARED_SELECTOR = YES;
				GCC_WARN_UNINITIALIZED_AUTOS = YES_AGGRESSIVE;
				GCC_WARN_UNUSED_FUNCTION = YES;
				GCC_WARN_UNUSED_VARIABLE = YES;
				IPHONEOS_DEPLOYMENT_TARGET = 8.1;
				MTL_ENABLE_DEBUG_INFO = YES;
				ONLY_ACTIVE_ARCH = YES;
				SDKROOT = iphoneos;
				SWIFT_OPTIMIZATION_LEVEL = "-Onone";
			};
			name = Debug;
		};
		A2651B311A028E0100E93C1E /* Release */ = {
			isa = XCBuildConfiguration;
			buildSettings = {
				ALWAYS_SEARCH_USER_PATHS = NO;
				CLANG_CXX_LANGUAGE_STANDARD = "gnu++0x";
				CLANG_CXX_LIBRARY = "libc++";
				CLANG_ENABLE_MODULES = YES;
				CLANG_ENABLE_OBJC_ARC = YES;
				CLANG_WARN_BOOL_CONVERSION = YES;
				CLANG_WARN_CONSTANT_CONVERSION = YES;
				CLANG_WARN_DIRECT_OBJC_ISA_USAGE = YES_ERROR;
				CLANG_WARN_EMPTY_BODY = YES;
				CLANG_WARN_ENUM_CONVERSION = YES;
				CLANG_WARN_INT_CONVERSION = YES;
				CLANG_WARN_OBJC_ROOT_CLASS = YES_ERROR;
				CLANG_WARN_UNREACHABLE_CODE = YES;
				CLANG_WARN__DUPLICATE_METHOD_MATCH = YES;
				"CODE_SIGN_IDENTITY[sdk=iphoneos*]" = "iPhone Developer";
				COPY_PHASE_STRIP = YES;
				ENABLE_NS_ASSERTIONS = NO;
				ENABLE_STRICT_OBJC_MSGSEND = YES;
				GCC_C_LANGUAGE_STANDARD = gnu99;
				GCC_WARN_64_TO_32_BIT_CONVERSION = YES;
				GCC_WARN_ABOUT_RETURN_TYPE = YES_ERROR;
				GCC_WARN_UNDECLARED_SELECTOR = YES;
				GCC_WARN_UNINITIALIZED_AUTOS = YES_AGGRESSIVE;
				GCC_WARN_UNUSED_FUNCTION = YES;
				GCC_WARN_UNUSED_VARIABLE = YES;
				IPHONEOS_DEPLOYMENT_TARGET = 8.1;
				MTL_ENABLE_DEBUG_INFO = NO;
				SDKROOT = iphoneos;
				VALIDATE_PRODUCT = YES;
			};
			name = Release;
		};
		A2651B331A028E0100E93C1E /* Debug */ = {
			isa = XCBuildConfiguration;
			buildSettings = {
				ASSETCATALOG_COMPILER_APPICON_NAME = AppIcon;
				INFOPLIST_FILE = ShoeConverter/Info.plist;
				LD_RUNPATH_SEARCH_PATHS = "$(inherited) @executable_path/Frameworks";
				PRODUCT_NAME = "$(TARGET_NAME)";
			};
			name = Debug;
		};
		A2651B341A028E0100E93C1E /* Release */ = {
			isa = XCBuildConfiguration;
			buildSettings = {
				ASSETCATALOG_COMPILER_APPICON_NAME = AppIcon;
				INFOPLIST_FILE = ShoeConverter/Info.plist;
				LD_RUNPATH_SEARCH_PATHS = "$(inherited) @executable_path/Frameworks";
				PRODUCT_NAME = "$(TARGET_NAME)";
			};
			name = Release;
		};
		A2651B361A028E0100E93C1E /* Debug */ = {
			isa = XCBuildConfiguration;
			buildSettings = {
				BUNDLE_LOADER = "$(TEST_HOST)";
				FRAMEWORK_SEARCH_PATHS = (
					"$(SDKROOT)/Developer/Library/Frameworks",
					"$(inherited)",
				);
				GCC_PREPROCESSOR_DEFINITIONS = (
					"DEBUG=1",
					"$(inherited)",
				);
				INFOPLIST_FILE = ShoeConverterTests/Info.plist;
				LD_RUNPATH_SEARCH_PATHS = "$(inherited) @executable_path/Frameworks @loader_path/Frameworks";
				PRODUCT_NAME = "$(TARGET_NAME)";
				TEST_HOST = "$(BUILT_PRODUCTS_DIR)/ShoeConverter.app/ShoeConverter";
			};
			name = Debug;
		};
		A2651B371A028E0100E93C1E /* Release */ = {
			isa = XCBuildConfiguration;
			buildSettings = {
				BUNDLE_LOADER = "$(TEST_HOST)";
				FRAMEWORK_SEARCH_PATHS = (
					"$(SDKROOT)/Developer/Library/Frameworks",
					"$(inherited)",
				);
				INFOPLIST_FILE = ShoeConverterTests/Info.plist;
				LD_RUNPATH_SEARCH_PATHS = "$(inherited) @executable_path/Frameworks @loader_path/Frameworks";
				PRODUCT_NAME = "$(TARGET_NAME)";
				TEST_HOST = "$(BUILT_PRODUCTS_DIR)/ShoeConverter.app/ShoeConverter";
			};
			name = Release;
		};
/* End XCBuildConfiguration section */

/* Begin XCConfigurationList section */
		A2651B0E1A028E0000E93C1E /* Build configuration list for PBXProject "ShoeConverter" */ = {
			isa = XCConfigurationList;
			buildConfigurations = (
				A2651B301A028E0100E93C1E /* Debug */,
				A2651B311A028E0100E93C1E /* Release */,
			);
			defaultConfigurationIsVisible = 0;
			defaultConfigurationName = Release;
		};
		A2651B321A028E0100E93C1E /* Build configuration list for PBXNativeTarget "ShoeConverter" */ = {
			isa = XCConfigurationList;
			buildConfigurations = (
				A2651B331A028E0100E93C1E /* Debug */,
				A2651B341A028E0100E93C1E /* Release */,
			);
			defaultConfigurationIsVisible = 0;
		};
		A2651B351A028E0100E93C1E /* Build configuration list for PBXNativeTarget "ShoeConverterTests" */ = {
			isa = XCConfigurationList;
			buildConfigurations = (
				A2651B361A028E0100E93C1E /* Debug */,
				A2651B371A028E0100E93C1E /* Release */,
			);
			defaultConfigurationIsVisible = 0;
		};
/* End XCConfigurationList section */
	};
	rootObject = A2651B0B1A028E0000E93C1E /* Project object */;
}
